
Microsoft Visual Studio Solution File, Format Version 12.00
# Visual Studio 15
VisualStudioVersion = 15.0.28307.329
MinimumVisualStudioVersion = 10.0.40219.1
Project("{E24C65DC-7377-472B-9ABA-BC803B73C61A}") = "Valley.RssReader.Web", "Valley.RssReader.Web\", "{485BADC1-F2E8-407C-8BCD-E3E2FC82E5D3}"
	ProjectSection(WebsiteProperties) = preProject
		TargetFrameworkMoniker = ".NETFramework,Version%3Dv4.5"
		ProjectReferences = ""
		Debug.AspNetCompiler.VirtualPath = "/localhost_4595"
		Debug.AspNetCompiler.PhysicalPath = "Valley.RssReader.Web\"
		Debug.AspNetCompiler.TargetPath = "PrecompiledWeb\localhost_4595\"
		Debug.AspNetCompiler.Updateable = "true"
		Debug.AspNetCompiler.ForceOverwrite = "true"
		Debug.AspNetCompiler.FixedNames = "false"
		Debug.AspNetCompiler.Debug = "True"
		Release.AspNetCompiler.VirtualPath = "/localhost_4595"
		Release.AspNetCompiler.PhysicalPath = "Valley.RssReader.Web\"
		Release.AspNetCompiler.TargetPath = "PrecompiledWeb\localhost_4595\"
		Release.AspNetCompiler.Updateable = "true"
		Release.AspNetCompiler.ForceOverwrite = "true"
		Release.AspNetCompiler.FixedNames = "false"
		Release.AspNetCompiler.Debug = "False"
		VWDPort = "4595"
		SlnRelativePath = "Valley.RssReader.Web\"
		DefaultWebSiteLanguage = "Visual C#"
	EndProjectSection
	ProjectSection(ProjectDependencies) = postProject
		{0E7DBEC5-D261-4067-A8B8-78993500E6AE} = {0E7DBEC5-D261-4067-A8B8-78993500E6AE}
	EndProjectSection
EndProject
Project("{FAE04EC0-301F-11D3-BF4B-00C04F79EFBC}") = "Valley.RssReader.Core", "Valley.RssReader.Core\Valley.RssReader.Core.csproj", "{0E7DBEC5-D261-4067-A8B8-78993500E6AE}"
EndProject
Project("{9A19103F-16F7-4668-BE54-9A1E7A4F7556}") = "Valley.RssReader.Client", "Valley.RssReader.Client\Valley.RssReader.Client.csproj", "{4F239BBB-3D81-49D3-B737-7BF39B4AEF0B}"
EndProject
Global
	GlobalSection(SolutionConfigurationPlatforms) = preSolution
		Debug|Any CPU = Debug|Any CPU
		Release|Any CPU = Release|Any CPU
	EndGlobalSection
	GlobalSection(ProjectConfigurationPlatforms) = postSolution
		{485BADC1-F2E8-407C-8BCD-E3E2FC82E5D3}.Debug|Any CPU.ActiveCfg = Debug|Any CPU
		{485BADC1-F2E8-407C-8BCD-E3E2FC82E5D3}.Release|Any CPU.ActiveCfg = Debug|Any CPU
		{0E7DBEC5-D261-4067-A8B8-78993500E6AE}.Debug|Any CPU.ActiveCfg = Debug|Any CPU
		{0E7DBEC5-D261-4067-A8B8-78993500E6AE}.Debug|Any CPU.Build.0 = Debug|Any CPU
		{0E7DBEC5-D261-4067-A8B8-78993500E6AE}.Release|Any CPU.ActiveCfg = Release|Any CPU
		{0E7DBEC5-D261-4067-A8B8-78993500E6AE}.Release|Any CPU.Build.0 = Release|Any CPU
		{4F239BBB-3D81-49D3-B737-7BF39B4AEF0B}.Debug|Any CPU.ActiveCfg = Debug|Any CPU
		{4F239BBB-3D81-49D3-B737-7BF39B4AEF0B}.Debug|Any CPU.Build.0 = Debug|Any CPU
		{4F239BBB-3D81-49D3-B737-7BF39B4AEF0B}.Release|Any CPU.ActiveCfg = Release|Any CPU
		{4F239BBB-3D81-49D3-B737-7BF39B4AEF0B}.Release|Any CPU.Build.0 = Release|Any CPU
	EndGlobalSection
	GlobalSection(SolutionProperties) = preSolution
		HideSolutionNode = FALSE
	EndGlobalSection
	GlobalSection(ExtensibilityGlobals) = postSolution
		SolutionGuid = {1430EF8B-7F66-404B-9299-17489C967C2B}
	EndGlobalSection
EndGlobal
